
Microsoft Visual Studio Solution File, Format Version 12.00
# Visual Studio Version 17
VisualStudioVersion = 17.7.34221.43
MinimumVisualStudioVersion = 10.0.40219.1
Project("{8BC9CEB8-8B4A-11D0-8D11-00A0C91BC942}") = "Main", "Main.vcxproj", "{E0E9D6FA-8378-409F-AC65-5879110372C8}"
	ProjectSection(ProjectDependencies) = postProject
		{31056BC4-24E1-4574-82C8-A62D2281FC6A} = {31056BC4-24E1-4574-82C8-A62D2281FC6A}
		{DDE20945-0F72-44CB-A47C-45101455313B} = {DDE20945-0F72-44CB-A47C-45101455313B}
	EndProjectSection
EndProject
Project("{8BC9CEB8-8B4A-11D0-8D11-00A0C91BC942}") = "Creator", "..\Creator\Creator.vcxproj", "{DDE20945-0F72-44CB-A47C-45101455313B}"
EndProject
Project("{8BC9CEB8-8B4A-11D0-8D11-00A0C91BC942}") = "Reporter", "..\Reporter\Reporter.vcxproj", "{31056BC4-24E1-4574-82C8-A62D2281FC6A}"
EndProject
Global
	GlobalSection(SolutionConfigurationPlatforms) = preSolution
		Debug|ARM64 = Debug|ARM64
		Debug|x64 = Debug|x64
		Debug|x86 = Debug|x86
		Release|ARM64 = Release|ARM64
		Release|x64 = Release|x64
		Release|x86 = Release|x86
	EndGlobalSection
	GlobalSection(ProjectConfigurationPlatforms) = postSolution
		{E0E9D6FA-8378-409F-AC65-5879110372C8}.Debug|ARM64.ActiveCfg = Debug|ARM64
		{E0E9D6FA-8378-409F-AC65-5879110372C8}.Debug|ARM64.Build.0 = Debug|ARM64
		{E0E9D6FA-8378-409F-AC65-5879110372C8}.Debug|x64.ActiveCfg = Debug|x64
		{E0E9D6FA-8378-409F-AC65-5879110372C8}.Debug|x64.Build.0 = Debug|x64
		{E0E9D6FA-8378-409F-AC65-5879110372C8}.Debug|x86.ActiveCfg = Debug|Win32
		{E0E9D6FA-8378-409F-AC65-5879110372C8}.Debug|x86.Build.0 = Debug|Win32
		{E0E9D6FA-8378-409F-AC65-5879110372C8}.Release|ARM64.ActiveCfg = Release|ARM64
		{E0E9D6FA-8378-409F-AC65-5879110372C8}.Release|ARM64.Build.0 = Release|ARM64
		{E0E9D6FA-8378-409F-AC65-5879110372C8}.Release|x64.ActiveCfg = Release|x64
		{E0E9D6FA-8378-409F-AC65-5879110372C8}.Release|x64.Build.0 = Release|x64
		{E0E9D6FA-8378-409F-AC65-5879110372C8}.Release|x86.ActiveCfg = Release|Win32
		{E0E9D6FA-8378-409F-AC65-5879110372C8}.Release|x86.Build.0 = Release|Win32
		{DDE20945-0F72-44CB-A47C-45101455313B}.Debug|ARM64.ActiveCfg = Debug|ARM64
		{DDE20945-0F72-44CB-A47C-45101455313B}.Debug|ARM64.Build.0 = Debug|ARM64
		{DDE20945-0F72-44CB-A47C-45101455313B}.Debug|x64.ActiveCfg = Debug|x64
		{DDE20945-0F72-44CB-A47C-45101455313B}.Debug|x64.Build.0 = Debug|x64
		{DDE20945-0F72-44CB-A47C-45101455313B}.Debug|x86.ActiveCfg = Debug|Win32
		{DDE20945-0F72-44CB-A47C-45101455313B}.Debug|x86.Build.0 = Debug|Win32
		{DDE20945-0F72-44CB-A47C-45101455313B}.Release|ARM64.ActiveCfg = Release|ARM64
		{DDE20945-0F72-44CB-A47C-45101455313B}.Release|ARM64.Build.0 = Release|ARM64
		{DDE20945-0F72-44CB-A47C-45101455313B}.Release|x64.ActiveCfg = Release|x64
		{DDE20945-0F72-44CB-A47C-45101455313B}.Release|x64.Build.0 = Release|x64
		{DDE20945-0F72-44CB-A47C-45101455313B}.Release|x86.ActiveCfg = Release|Win32
		{DDE20945-0F72-44CB-A47C-45101455313B}.Release|x86.Build.0 = Release|Win32
		{31056BC4-24E1-4574-82C8-A62D2281FC6A}.Debug|ARM64.ActiveCfg = Debug|ARM64
		{31056BC4-24E1-4574-82C8-A62D2281FC6A}.Debug|ARM64.Build.0 = Debug|ARM64
		{31056BC4-24E1-4574-82C8-A62D2281FC6A}.Debug|x64.ActiveCfg = Debug|x64
		{31056BC4-24E1-4574-82C8-A62D2281FC6A}.Debug|x64.Build.0 = Debug|x64
		{31056BC4-24E1-4574-82C8-A62D2281FC6A}.Debug|x86.ActiveCfg = Debug|Win32
		{31056BC4-24E1-4574-82C8-A62D2281FC6A}.Debug|x86.Build.0 = Debug|Win32
		{31056BC4-24E1-4574-82C8-A62D2281FC6A}.Release|ARM64.ActiveCfg = Release|ARM64
		{31056BC4-24E1-4574-82C8-A62D2281FC6A}.Release|ARM64.Build.0 = Release|ARM64
		{31056BC4-24E1-4574-82C8-A62D2281FC6A}.Release|x64.ActiveCfg = Release|x64
		{31056BC4-24E1-4574-82C8-A62D2281FC6A}.Release|x64.Build.0 = Release|x64
		{31056BC4-24E1-4574-82C8-A62D2281FC6A}.Release|x86.ActiveCfg = Release|Win32
		{31056BC4-24E1-4574-82C8-A62D2281FC6A}.Release|x86.Build.0 = Release|Win32
	EndGlobalSection
	GlobalSection(SolutionProperties) = preSolution
		HideSolutionNode = FALSE
	EndGlobalSection
	GlobalSection(ExtensibilityGlobals) = postSolution
		SolutionGuid = {CCFF2245-586C-4804-9D89-8EF5F0F7ACE6}
	EndGlobalSection
EndGlobal
